
Microsoft Visual Studio Solution File, Format Version 12.00
# Visual Studio Version 17
VisualStudioVersion = 17.9.34728.123
MinimumVisualStudioVersion = 10.0.40219.1
Project("{FAE04EC0-301F-11D3-BF4B-00C04F79EFBC}") = "DemoMod10", "DemoMod10.csproj", "{D3257241-CBCC-472B-98B7-0DA223AB1122}"
EndProject
Global
	GlobalSection(SolutionConfigurationPlatforms) = preSolution
		Debug|Any CPU = Debug|Any CPU
		Release|Any CPU = Release|Any CPU
	EndGlobalSection
	GlobalSection(ProjectConfigurationPlatforms) = postSolution
		{D3257241-CBCC-472B-98B7-0DA223AB1122}.Debug|Any CPU.ActiveCfg = Debug|Any CPU
		{D3257241-CBCC-472B-98B7-0DA223AB1122}.Debug|Any CPU.Build.0 = Debug|Any CPU
		{D3257241-CBCC-472B-98B7-0DA223AB1122}.Release|Any CPU.ActiveCfg = Release|Any CPU
		{D3257241-CBCC-472B-98B7-0DA223AB1122}.Release|Any CPU.Build.0 = Release|Any CPU
	EndGlobalSection
	GlobalSection(SolutionProperties) = preSolution
		HideSolutionNode = FALSE
	EndGlobalSection
	GlobalSection(ExtensibilityGlobals) = postSolution
		SolutionGuid = {06A2037D-9A28-4448-9BDE-9ECB15653498}
	EndGlobalSection
EndGlobal
